
Microsoft Visual Studio Solution File, Format Version 12.00
# Visual Studio 15
VisualStudioVersion = 15.0.28307.421
MinimumVisualStudioVersion = 10.0.40219.1
Project("{FAE04EC0-301F-11D3-BF4B-00C04F79EFBC}") = "MvcWebStatic", "MvcWebStatic\MvcWebStatic.csproj", "{B47430A0-AB02-48AD-8947-11468ABF8417}"
EndProject
Project("{FAE04EC0-301F-11D3-BF4B-00C04F79EFBC}") = "RazorWebStatic", "RazorWebStatic\RazorWebStatic.csproj", "{F880CF3E-9DE4-4E7F-9B5C-D62CFC852C7D}"
EndProject
Project("{FAE04EC0-301F-11D3-BF4B-00C04F79EFBC}") = "MvcWebStaticWithAuth", "MvcWebStaticWithAuth\MvcWebStaticWithAuth.csproj", "{39E2F9DA-4EF1-43FC-A868-8A1E27B380BD}"
EndProject
Project("{FAE04EC0-301F-11D3-BF4B-00C04F79EFBC}") = "RazorWebStaticWithAuth", "RazorWebStaticWithAuth\RazorWebStaticWithAuth.csproj", "{D29E3D4B-BC75-4676-8CD4-9B047ACE82B5}"
EndProject
Project("{FAE04EC0-301F-11D3-BF4B-00C04F79EFBC}") = "RazorWebAltStatic", "RazorWebAltStatic\RazorWebAltStatic.csproj", "{3AAE326C-4CA2-4A14-A3BB-96E2D2039182}"
EndProject
Global
	GlobalSection(SolutionConfigurationPlatforms) = preSolution
		Debug|Any CPU = Debug|Any CPU
		Release|Any CPU = Release|Any CPU
	EndGlobalSection
	GlobalSection(ProjectConfigurationPlatforms) = postSolution
		{B47430A0-AB02-48AD-8947-11468ABF8417}.Debug|Any CPU.ActiveCfg = Debug|Any CPU
		{B47430A0-AB02-48AD-8947-11468ABF8417}.Debug|Any CPU.Build.0 = Debug|Any CPU
		{B47430A0-AB02-48AD-8947-11468ABF8417}.Release|Any CPU.ActiveCfg = Release|Any CPU
		{B47430A0-AB02-48AD-8947-11468ABF8417}.Release|Any CPU.Build.0 = Release|Any CPU
		{F880CF3E-9DE4-4E7F-9B5C-D62CFC852C7D}.Debug|Any CPU.ActiveCfg = Debug|Any CPU
		{F880CF3E-9DE4-4E7F-9B5C-D62CFC852C7D}.Debug|Any CPU.Build.0 = Debug|Any CPU
		{F880CF3E-9DE4-4E7F-9B5C-D62CFC852C7D}.Release|Any CPU.ActiveCfg = Release|Any CPU
		{F880CF3E-9DE4-4E7F-9B5C-D62CFC852C7D}.Release|Any CPU.Build.0 = Release|Any CPU
		{39E2F9DA-4EF1-43FC-A868-8A1E27B380BD}.Debug|Any CPU.ActiveCfg = Debug|Any CPU
		{39E2F9DA-4EF1-43FC-A868-8A1E27B380BD}.Debug|Any CPU.Build.0 = Debug|Any CPU
		{39E2F9DA-4EF1-43FC-A868-8A1E27B380BD}.Release|Any CPU.ActiveCfg = Release|Any CPU
		{39E2F9DA-4EF1-43FC-A868-8A1E27B380BD}.Release|Any CPU.Build.0 = Release|Any CPU
		{D29E3D4B-BC75-4676-8CD4-9B047ACE82B5}.Debug|Any CPU.ActiveCfg = Debug|Any CPU
		{D29E3D4B-BC75-4676-8CD4-9B047ACE82B5}.Debug|Any CPU.Build.0 = Debug|Any CPU
		{D29E3D4B-BC75-4676-8CD4-9B047ACE82B5}.Release|Any CPU.ActiveCfg = Release|Any CPU
		{D29E3D4B-BC75-4676-8CD4-9B047ACE82B5}.Release|Any CPU.Build.0 = Release|Any CPU
		{3AAE326C-4CA2-4A14-A3BB-96E2D2039182}.Debug|Any CPU.ActiveCfg = Debug|Any CPU
		{3AAE326C-4CA2-4A14-A3BB-96E2D2039182}.Debug|Any CPU.Build.0 = Debug|Any CPU
		{3AAE326C-4CA2-4A14-A3BB-96E2D2039182}.Release|Any CPU.ActiveCfg = Release|Any CPU
		{3AAE326C-4CA2-4A14-A3BB-96E2D2039182}.Release|Any CPU.Build.0 = Release|Any CPU
	EndGlobalSection
	GlobalSection(SolutionProperties) = preSolution
		HideSolutionNode = FALSE
	EndGlobalSection
	GlobalSection(ExtensibilityGlobals) = postSolution
		SolutionGuid = {A2BD8708-A53C-4EA6-8CB7-14C3BE33D013}
	EndGlobalSection
EndGlobal
